<?xml version="1.0" encoding="utf-8"?>
<Project ToolsVersion="4.0" xmlns="http://schemas.microsoft.com/developer/msbuild/2003">
  <ItemGroup>
    <Filter Include="源文件">
      <UniqueIdentifier>{4FC737F1-C7A5-4376-A066-2A32D752A2FF}</UniqueIdentifier>
      <Extensions>cpp;c;cc;cxx;c++;cppm;ixx;def;odl;idl;hpj;bat;asm;asmx</Extensions>
    </Filter>
    <Filter Include="头文件">
      <UniqueIdentifier>{93995380-89BD-4b04-88EB-625FBE52EBFB}</UniqueIdentifier>
      <Extensions>h;hh;hpp;hxx;h++;hm;inl;inc;ipp;xsd</Extensions>
    </Filter>
    <Filter Include="资源文件">
      <UniqueIdentifier>{67DA6AB6-F800-4c08-8B7A-83BB121AAD01}</UniqueIdentifier>
      <Extensions>rc;ico;cur;bmp;dlg;rc2;rct;bin;rgs;gif;jpg;jpeg;jpe;resx;tiff;tif;png;wav;mfcribbon-ms</Extensions>
    </Filter>
  </ItemGroup>
  <ItemGroup>
    <ClCompile Include="..\..\tsrc\alter.c">
      <Filter>源文件</Filter>
    </ClCompile>
    <ClCompile Include="..\..\tsrc\analyze.c">
      <Filter>源文件</Filter>
    </ClCompile>
    <ClCompile Include="..\..\tsrc\attach.c">
      <Filter>源文件</Filter>
    </ClCompile>
    <ClCompile Include="..\..\tsrc\auth.c">
      <Filter>源文件</Filter>
    </ClCompile>
    <ClCompile Include="..\..\tsrc\backup.c">
      <Filter>源文件</Filter>
    </ClCompile>
    <ClCompile Include="..\..\tsrc\bitvec.c">
      <Filter>源文件</Filter>
    </ClCompile>
    <ClCompile Include="..\..\tsrc\btmutex.c">
      <Filter>源文件</Filter>
    </ClCompile>
    <ClCompile Include="..\..\tsrc\btree.c">
      <Filter>源文件</Filter>
    </ClCompile>
    <ClCompile Include="..\..\tsrc\build.c">
      <Filter>源文件</Filter>
    </ClCompile>
    <ClCompile Include="..\..\tsrc\callback.c">
      <Filter>源文件</Filter>
    </ClCompile>
    <ClCompile Include="..\..\tsrc\complete.c">
      <Filter>源文件</Filter>
    </ClCompile>
    <ClCompile Include="..\..\tsrc\ctime.c">
      <Filter>源文件</Filter>
    </ClCompile>
    <ClCompile Include="..\..\tsrc\date.c">
      <Filter>源文件</Filter>
    </ClCompile>
    <ClCompile Include="..\..\tsrc\dbpage.c">
      <Filter>源文件</Filter>
    </ClCompile>
    <ClCompile Include="..\..\tsrc\dbstat.c">
      <Filter>源文件</Filter>
    </ClCompile>
    <ClCompile Include="..\..\tsrc\delete.c">
      <Filter>源文件</Filter>
    </ClCompile>
    <ClCompile Include="..\..\tsrc\expr.c">
      <Filter>源文件</Filter>
    </ClCompile>
    <ClCompile Include="..\..\tsrc\fault.c">
      <Filter>源文件</Filter>
    </ClCompile>
    <ClCompile Include="..\..\tsrc\fkey.c">
      <Filter>源文件</Filter>
    </ClCompile>
    <ClCompile Include="..\..\tsrc\fts3.c">
      <Filter>源文件</Filter>
    </ClCompile>
    <ClCompile Include="..\..\tsrc\fts3_aux.c">
      <Filter>源文件</Filter>
    </ClCompile>
    <ClCompile Include="..\..\tsrc\fts3_expr.c">
      <Filter>源文件</Filter>
    </ClCompile>
    <ClCompile Include="..\..\tsrc\fts3_hash.c">
      <Filter>源文件</Filter>
    </ClCompile>
    <ClCompile Include="..\..\tsrc\fts3_icu.c">
      <Filter>源文件</Filter>
    </ClCompile>
    <ClCompile Include="..\..\tsrc\fts3_porter.c">
      <Filter>源文件</Filter>
    </ClCompile>
    <ClCompile Include="..\..\tsrc\fts3_snippet.c">
      <Filter>源文件</Filter>
    </ClCompile>
    <ClCompile Include="..\..\tsrc\fts3_tokenize_vtab.c">
      <Filter>源文件</Filter>
    </ClCompile>
    <ClCompile Include="..\..\tsrc\fts3_tokenizer.c">
      <Filter>源文件</Filter>
    </ClCompile>
    <ClCompile Include="..\..\tsrc\fts3_tokenizer1.c">
      <Filter>源文件</Filter>
    </ClCompile>
    <ClCompile Include="..\..\tsrc\fts3_unicode.c">
      <Filter>源文件</Filter>
    </ClCompile>
    <ClCompile Include="..\..\tsrc\fts3_unicode2.c">
      <Filter>源文件</Filter>
    </ClCompile>
    <ClCompile Include="..\..\tsrc\fts3_write.c">
      <Filter>源文件</Filter>
    </ClCompile>
    <ClCompile Include="..\..\tsrc\fts5.c">
      <Filter>源文件</Filter>
    </ClCompile>
    <ClCompile Include="..\..\tsrc\func.c">
      <Filter>源文件</Filter>
    </ClCompile>
    <ClCompile Include="..\..\tsrc\global.c">
      <Filter>源文件</Filter>
    </ClCompile>
    <ClCompile Include="..\..\tsrc\hash.c">
      <Filter>源文件</Filter>
    </ClCompile>
    <ClCompile Include="..\..\tsrc\icu.c">
      <Filter>源文件</Filter>
    </ClCompile>
    <ClCompile Include="..\..\tsrc\insert.c">
      <Filter>源文件</Filter>
    </ClCompile>
    <ClCompile Include="..\..\tsrc\json.c">
      <Filter>源文件</Filter>
    </ClCompile>
    <ClCompile Include="..\..\tsrc\legacy.c">
      <Filter>源文件</Filter>
    </ClCompile>
    <ClCompile Include="..\..\tsrc\loadext.c">
      <Filter>源文件</Filter>
    </ClCompile>
    <ClCompile Include="..\..\tsrc\main.c">
      <Filter>源文件</Filter>
    </ClCompile>
    <ClCompile Include="..\..\tsrc\malloc.c">
      <Filter>源文件</Filter>
    </ClCompile>
    <ClCompile Include="..\..\tsrc\mem0.c">
      <Filter>源文件</Filter>
    </ClCompile>
    <ClCompile Include="..\..\tsrc\mem1.c">
      <Filter>源文件</Filter>
    </ClCompile>
    <ClCompile Include="..\..\tsrc\mem2.c">
      <Filter>源文件</Filter>
    </ClCompile>
    <ClCompile Include="..\..\tsrc\mem3.c">
      <Filter>源文件</Filter>
    </ClCompile>
    <ClCompile Include="..\..\tsrc\mem5.c">
      <Filter>源文件</Filter>
    </ClCompile>
    <ClCompile Include="..\..\tsrc\memdb.c">
      <Filter>源文件</Filter>
    </ClCompile>
    <ClCompile Include="..\..\tsrc\memjournal.c">
      <Filter>源文件</Filter>
    </ClCompile>
    <ClCompile Include="..\..\tsrc\mutex.c">
      <Filter>源文件</Filter>
    </ClCompile>
    <ClCompile Include="..\..\tsrc\mutex_noop.c">
      <Filter>源文件</Filter>
    </ClCompile>
    <ClCompile Include="..\..\tsrc\mutex_unix.c">
      <Filter>源文件</Filter>
    </ClCompile>
    <ClCompile Include="..\..\tsrc\mutex_w32.c">
      <Filter>源文件</Filter>
    </ClCompile>
    <ClCompile Include="..\..\tsrc\notify.c">
      <Filter>源文件</Filter>
    </ClCompile>
    <ClCompile Include="..\..\tsrc\opcodes.c">
      <Filter>源文件</Filter>
    </ClCompile>
    <ClCompile Include="..\..\tsrc\os.c">
      <Filter>源文件</Filter>
    </ClCompile>
    <ClCompile Include="..\..\tsrc\os_kv.c">
      <Filter>源文件</Filter>
    </ClCompile>
    <ClCompile Include="..\..\tsrc\os_unix.c">
      <Filter>源文件</Filter>
    </ClCompile>
    <ClCompile Include="..\..\tsrc\os_win.c">
      <Filter>源文件</Filter>
    </ClCompile>
    <ClCompile Include="..\..\tsrc\pager.c">
      <Filter>源文件</Filter>
    </ClCompile>
    <ClCompile Include="..\..\tsrc\parse.c">
      <Filter>源文件</Filter>
    </ClCompile>
    <ClCompile Include="..\..\tsrc\pcache.c">
      <Filter>源文件</Filter>
    </ClCompile>
    <ClCompile Include="..\..\tsrc\pcache1.c">
      <Filter>源文件</Filter>
    </ClCompile>
    <ClCompile Include="..\..\tsrc\pragma.c">
      <Filter>源文件</Filter>
    </ClCompile>
    <ClCompile Include="..\..\tsrc\prepare.c">
      <Filter>源文件</Filter>
    </ClCompile>
    <ClCompile Include="..\..\tsrc\printf.c">
      <Filter>源文件</Filter>
    </ClCompile>
    <ClCompile Include="..\..\tsrc\random.c">
      <Filter>源文件</Filter>
    </ClCompile>
    <ClCompile Include="..\..\tsrc\resolve.c">
      <Filter>源文件</Filter>
    </ClCompile>
    <ClCompile Include="..\..\tsrc\rowset.c">
      <Filter>源文件</Filter>
    </ClCompile>
    <ClCompile Include="..\..\tsrc\rtree.c">
      <Filter>源文件</Filter>
    </ClCompile>
    <ClCompile Include="..\..\tsrc\select.c">
      <Filter>源文件</Filter>
    </ClCompile>
    <ClCompile Include="..\..\tsrc\sqlite3rbu.c">
      <Filter>源文件</Filter>
    </ClCompile>
    <ClCompile Include="..\..\tsrc\sqlite3session.c">
      <Filter>源文件</Filter>
    </ClCompile>
    <ClCompile Include="..\..\tsrc\status.c">
      <Filter>源文件</Filter>
    </ClCompile>
    <ClCompile Include="..\..\tsrc\stmt.c">
      <Filter>源文件</Filter>
    </ClCompile>
    <ClCompile Include="..\..\tsrc\table.c">
      <Filter>源文件</Filter>
    </ClCompile>
    <ClCompile Include="..\..\tsrc\threads.c">
      <Filter>源文件</Filter>
    </ClCompile>
    <ClCompile Include="..\..\tsrc\tokenize.c">
      <Filter>源文件</Filter>
    </ClCompile>
    <ClCompile Include="..\..\tsrc\treeview.c">
      <Filter>源文件</Filter>
    </ClCompile>
    <ClCompile Include="..\..\tsrc\trigger.c">
      <Filter>源文件</Filter>
    </ClCompile>
    <ClCompile Include="..\..\tsrc\update.c">
      <Filter>源文件</Filter>
    </ClCompile>
    <ClCompile Include="..\..\tsrc\upsert.c">
      <Filter>源文件</Filter>
    </ClCompile>
    <ClCompile Include="..\..\tsrc\utf.c">
      <Filter>源文件</Filter>
    </ClCompile>
    <ClCompile Include="..\..\tsrc\util.c">
      <Filter>源文件</Filter>
    </ClCompile>
    <ClCompile Include="..\..\tsrc\vacuum.c">
      <Filter>源文件</Filter>
    </ClCompile>
    <ClCompile Include="..\..\tsrc\vdbe.c">
      <Filter>源文件</Filter>
    </ClCompile>
    <ClCompile Include="..\..\tsrc\vdbeapi.c">
      <Filter>源文件</Filter>
    </ClCompile>
    <ClCompile Include="..\..\tsrc\vdbeaux.c">
      <Filter>源文件</Filter>
    </ClCompile>
    <ClCompile Include="..\..\tsrc\vdbeblob.c">
      <Filter>源文件</Filter>
    </ClCompile>
    <ClCompile Include="..\..\tsrc\vdbemem.c">
      <Filter>源文件</Filter>
    </ClCompile>
    <ClCompile Include="..\..\tsrc\vdbesort.c">
      <Filter>源文件</Filter>
    </ClCompile>
    <ClCompile Include="..\..\tsrc\vdbetrace.c">
      <Filter>源文件</Filter>
    </ClCompile>
    <ClCompile Include="..\..\tsrc\vdbevtab.c">
      <Filter>源文件</Filter>
    </ClCompile>
    <ClCompile Include="..\..\tsrc\vtab.c">
      <Filter>源文件</Filter>
    </ClCompile>
    <ClCompile Include="..\..\tsrc\wal.c">
      <Filter>源文件</Filter>
    </ClCompile>
    <ClCompile Include="..\..\tsrc\walker.c">
      <Filter>源文件</Filter>
    </ClCompile>
    <ClCompile Include="..\..\tsrc\where.c">
      <Filter>源文件</Filter>
    </ClCompile>
    <ClCompile Include="..\..\tsrc\wherecode.c">
      <Filter>源文件</Filter>
    </ClCompile>
    <ClCompile Include="..\..\tsrc\whereexpr.c">
      <Filter>源文件</Filter>
    </ClCompile>
    <ClCompile Include="..\..\tsrc\window.c">
      <Filter>源文件</Filter>
    </ClCompile>
  </ItemGroup>
  <ItemGroup>
    <ClInclude Include="..\..\tsrc\btree.h">
      <Filter>头文件</Filter>
    </ClInclude>
    <ClInclude Include="..\..\tsrc\btreeInt.h">
      <Filter>头文件</Filter>
    </ClInclude>
    <ClInclude Include="..\..\tsrc\fts3.h">
      <Filter>头文件</Filter>
    </ClInclude>
    <ClInclude Include="..\..\tsrc\fts3_hash.h">
      <Filter>头文件</Filter>
    </ClInclude>
    <ClInclude Include="..\..\tsrc\fts3_tokenizer.h">
      <Filter>头文件</Filter>
    </ClInclude>
    <ClInclude Include="..\..\tsrc\fts3Int.h">
      <Filter>头文件</Filter>
    </ClInclude>
    <ClInclude Include="..\..\tsrc\fts5.h">
      <Filter>头文件</Filter>
    </ClInclude>
    <ClInclude Include="..\..\tsrc\hash.h">
      <Filter>头文件</Filter>
    </ClInclude>
    <ClInclude Include="..\..\tsrc\hwtime.h">
      <Filter>头文件</Filter>
    </ClInclude>
    <ClInclude Include="..\..\tsrc\keywordhash.h">
      <Filter>头文件</Filter>
    </ClInclude>
    <ClInclude Include="..\..\tsrc\msvc.h">
      <Filter>头文件</Filter>
    </ClInclude>
    <ClInclude Include="..\..\tsrc\mutex.h">
      <Filter>头文件</Filter>
    </ClInclude>
    <ClInclude Include="..\..\tsrc\opcodes.h">
      <Filter>头文件</Filter>
    </ClInclude>
    <ClInclude Include="..\..\tsrc\os.h">
      <Filter>头文件</Filter>
    </ClInclude>
    <ClInclude Include="..\..\tsrc\os_common.h">
      <Filter>头文件</Filter>
    </ClInclude>
    <ClInclude Include="..\..\tsrc\os_setup.h">
      <Filter>头文件</Filter>
    </ClInclude>
    <ClInclude Include="..\..\tsrc\os_win.h">
      <Filter>头文件</Filter>
    </ClInclude>
    <ClInclude Include="..\..\tsrc\pager.h">
      <Filter>头文件</Filter>
    </ClInclude>
    <ClInclude Include="..\..\tsrc\parse.h">
      <Filter>头文件</Filter>
    </ClInclude>
    <ClInclude Include="..\..\tsrc\pcache.h">
      <Filter>头文件</Filter>
    </ClInclude>
    <ClInclude Include="..\..\tsrc\pragma.h">
      <Filter>头文件</Filter>
    </ClInclude>
    <ClInclude Include="..\..\tsrc\rtree.h">
      <Filter>头文件</Filter>
    </ClInclude>
    <ClInclude Include="..\..\tsrc\sqlite3.h">
      <Filter>头文件</Filter>
    </ClInclude>
    <ClInclude Include="..\..\tsrc\sqlite3ext.h">
      <Filter>头文件</Filter>
    </ClInclude>
    <ClInclude Include="..\..\tsrc\sqlite3rbu.h">
      <Filter>头文件</Filter>
    </ClInclude>
    <ClInclude Include="..\..\tsrc\sqlite3session.h">
      <Filter>头文件</Filter>
    </ClInclude>
    <ClInclude Include="..\..\tsrc\sqliteicu.h">
      <Filter>头文件</Filter>
    </ClInclude>
    <ClInclude Include="..\..\tsrc\sqliteInt.h">
      <Filter>头文件</Filter>
    </ClInclude>
    <ClInclude Include="..\..\tsrc\sqliteLimit.h">
      <Filter>头文件</Filter>
    </ClInclude>
    <ClInclude Include="..\..\tsrc\vdbe.h">
      <Filter>头文件</Filter>
    </ClInclude>
    <ClInclude Include="..\..\tsrc\vdbeInt.h">
      <Filter>头文件</Filter>
    </ClInclude>
    <ClInclude Include="..\..\tsrc\vxworks.h">
      <Filter>头文件</Filter>
    </ClInclude>
    <ClInclude Include="..\..\tsrc\wal.h">
      <Filter>头文件</Filter>
    </ClInclude>
    <ClInclude Include="..\..\tsrc\whereInt.h">
      <Filter>头文件</Filter>
    </ClInclude>
  </ItemGroup>
</Project>